
Microsoft Visual Studio Solution File, Format Version 12.00
# Visual Studio Version 16
VisualStudioVersion = 16.0.29418.71
MinimumVisualStudioVersion = 10.0.40219.1
Project("{FAE04EC0-301F-11D3-BF4B-00C04F79EFBC}") = "ConsoleApp8", "ConsoleApp8\ConsoleApp8.csproj", "{FC729009-8E2B-428E-9ACC-B87B3DD5689F}"
EndProject
Global
	GlobalSection(SolutionConfigurationPlatforms) = preSolution
		Debug|Any CPU = Debug|Any CPU
		Release|Any CPU = Release|Any CPU
	EndGlobalSection
	GlobalSection(ProjectConfigurationPlatforms) = postSolution
		{FC729009-8E2B-428E-9ACC-B87B3DD5689F}.Debug|Any CPU.ActiveCfg = Debug|Any CPU
		{FC729009-8E2B-428E-9ACC-B87B3DD5689F}.Debug|Any CPU.Build.0 = Debug|Any CPU
		{FC729009-8E2B-428E-9ACC-B87B3DD5689F}.Release|Any CPU.ActiveCfg = Release|Any CPU
		{FC729009-8E2B-428E-9ACC-B87B3DD5689F}.Release|Any CPU.Build.0 = Release|Any CPU
	EndGlobalSection
	GlobalSection(SolutionProperties) = preSolution
		HideSolutionNode = FALSE
	EndGlobalSection
	GlobalSection(ExtensibilityGlobals) = postSolution
		SolutionGuid = {F6E351CF-F214-47DE-97B0-7DA0A4F0121A}
	EndGlobalSection
EndGlobal
